// !$*UTF8*$!
{
	archiveVersion = 1;
	classes = {
	};
	objectVersion = 56;
	objects = {

/* Begin PBXBuildFile section */
		C9EFD1622BC3D94200B094C8 /* AppDelegate.swift in Sources */ = {isa = PBXBuildFile; fileRef = C9EFD1612BC3D94200B094C8 /* AppDelegate.swift */; };
		C9EFD1642BC3D94200B094C8 /* SceneDelegate.swift in Sources */ = {isa = PBXBuildFile; fileRef = C9EFD1632BC3D94200B094C8 /* SceneDelegate.swift */; };
		C9EFD1662BC3D94200B094C8 /* HomeViewController.swift in Sources */ = {isa = PBXBuildFile; fileRef = C9EFD1652BC3D94200B094C8 /* HomeViewController.swift */; };
		C9EFD1692BC3D94200B094C8 /* Base in Resources */ = {isa = PBXBuildFile; fileRef = C9EFD1682BC3D94200B094C8 /* Base */; };
		C9EFD16B2BC3D94300B094C8 /* Assets.xcassets in Resources */ = {isa = PBXBuildFile; fileRef = C9EFD16A2BC3D94300B094C8 /* Assets.xcassets */; };
		C9EFD16E2BC3D94300B094C8 /* Base in Resources */ = {isa = PBXBuildFile; fileRef = C9EFD16D2BC3D94300B094C8 /* Base */; };
		C9EFD17F2BC3DD7D00B094C8 /* HomeTableViewCell.swift in Sources */ = {isa = PBXBuildFile; fileRef = C9EFD17D2BC3DD7D00B094C8 /* HomeTableViewCell.swift */; };
		C9EFD1802BC3DD7D00B094C8 /* HomeTableViewCell.xib in Resources */ = {isa = PBXBuildFile; fileRef = C9EFD17E2BC3DD7D00B094C8 /* HomeTableViewCell.xib */; };
		C9EFD1822BC3DFBC00B094C8 /* FoodModel.swift in Sources */ = {isa = PBXBuildFile; fileRef = C9EFD1812BC3DFBC00B094C8 /* FoodModel.swift */; };
		C9EFD1872BC3E6BA00B094C8 /* FoodDetailViewController.swift in Sources */ = {isa = PBXBuildFile; fileRef = C9EFD1852BC3E6BA00B094C8 /* FoodDetailViewController.swift */; };
/* End PBXBuildFile section */

/* Begin PBXFileReference section */
		C9EFD15E2BC3D94200B094C8 /* ContainerView.app */ = {isa = PBXFileReference; explicitFileType = wrapper.application; includeInIndex = 0; path = ContainerView.app; sourceTree = BUILT_PRODUCTS_DIR; };
		C9EFD1612BC3D94200B094C8 /* AppDelegate.swift */ = {isa = PBXFileReference; lastKnownFileType = sourcecode.swift; path = AppDelegate.swift; sourceTree = "<group>"; };
		C9EFD1632BC3D94200B094C8 /* SceneDelegate.swift */ = {isa = PBXFileReference; lastKnownFileType = sourcecode.swift; path = SceneDelegate.swift; sourceTree = "<group>"; };
		C9EFD1652BC3D94200B094C8 /* HomeViewController.swift */ = {isa = PBXFileReference; lastKnownFileType = sourcecode.swift; path = HomeViewController.swift; sourceTree = "<group>"; };
		C9EFD1682BC3D94200B094C8 /* Base */ = {isa = PBXFileReference; lastKnownFileType = file.storyboard; name = Base; path = Base.lproj/Main.storyboard; sourceTree = "<group>"; };
		C9EFD16A2BC3D94300B094C8 /* Assets.xcassets */ = {isa = PBXFileReference; lastKnownFileType = folder.assetcatalog; path = Assets.xcassets; sourceTree = "<group>"; };
		C9EFD16D2BC3D94300B094C8 /* Base */ = {isa = PBXFileReference; lastKnownFileType = file.storyboard; name = Base; path = Base.lproj/LaunchScreen.storyboard; sourceTree = "<group>"; };
		C9EFD16F2BC3D94300B094C8 /* Info.plist */ = {isa = PBXFileReference; lastKnownFileType = text.plist.xml; path = Info.plist; sourceTree = "<group>"; };
		C9EFD17D2BC3DD7D00B094C8 /* HomeTableViewCell.swift */ = {isa = PBXFileReference; lastKnownFileType = sourcecode.swift; path = HomeTableViewCell.swift; sourceTree = "<group>"; };
		C9EFD17E2BC3DD7D00B094C8 /* HomeTableViewCell.xib */ = {isa = PBXFileReference; lastKnownFileType = file.xib; path = HomeTableViewCell.xib; sourceTree = "<group>"; };
		C9EFD1812BC3DFBC00B094C8 /* FoodModel.swift */ = {isa = PBXFileReference; lastKnownFileType = sourcecode.swift; path = FoodModel.swift; sourceTree = "<group>"; };
		C9EFD1852BC3E6BA00B094C8 /* FoodDetailViewController.swift */ = {isa = PBXFileReference; lastKnownFileType = sourcecode.swift; path = FoodDetailViewController.swift; sourceTree = "<group>"; };
/* End PBXFileReference section */

/* Begin PBXFrameworksBuildPhase section */
		C9EFD15B2BC3D94200B094C8 /* Frameworks */ = {
			isa = PBXFrameworksBuildPhase;
			buildActionMask = 2147483647;
			files = (
			);
			runOnlyForDeploymentPostprocessing = 0;
		};
/* End PBXFrameworksBuildPhase section */

/* Begin PBXGroup section */
		C9EFD1552BC3D94200B094C8 = {
			isa = PBXGroup;
			children = (
				C9EFD1602BC3D94200B094C8 /* ContainerView */,
				C9EFD15F2BC3D94200B094C8 /* Products */,
			);
			sourceTree = "<group>";
		};
		C9EFD15F2BC3D94200B094C8 /* Products */ = {
			isa = PBXGroup;
			children = (
				C9EFD15E2BC3D94200B094C8 /* ContainerView.app */,
			);
			name = Products;
			sourceTree = "<group>";
		};
		C9EFD1602BC3D94200B094C8 /* ContainerView */ = {
			isa = PBXGroup;
			children = (
				C9EFD1612BC3D94200B094C8 /* AppDelegate.swift */,
				C9EFD1632BC3D94200B094C8 /* SceneDelegate.swift */,
				C9EFD1772BC3DC5400B094C8 /* Model */,
				C9EFD1752BC3DC2500B094C8 /* Scenes */,
				C9EFD16A2BC3D94300B094C8 /* Assets.xcassets */,
				C9EFD16F2BC3D94300B094C8 /* Info.plist */,
			);
			path = ContainerView;
			sourceTree = "<group>";
		};
		C9EFD1752BC3DC2500B094C8 /* Scenes */ = {
			isa = PBXGroup;
			children = (
				C9EFD1762BC3DC2E00B094C8 /* Storyboard */,
				C9EFD1842BC3E69400B094C8 /* FoodDetail */,
				C9EFD1832BC3E32A00B094C8 /* Home */,
			);
			path = Scenes;
			sourceTree = "<group>";
		};
		C9EFD1762BC3DC2E00B094C8 /* Storyboard */ = {
			isa = PBXGroup;
			children = (
				C9EFD16C2BC3D94300B094C8 /* LaunchScreen.storyboard */,
				C9EFD1672BC3D94200B094C8 /* Main.storyboard */,
			);
			path = Storyboard;
			sourceTree = "<group>";
		};
		C9EFD1772BC3DC5400B094C8 /* Model */ = {
			isa = PBXGroup;
			children = (
				C9EFD1812BC3DFBC00B094C8 /* FoodModel.swift */,
			);
			path = Model;
			sourceTree = "<group>";
		};
		C9EFD17A2BC3DD3500B094C8 /* Cell */ = {
			isa = PBXGroup;
			children = (
				C9EFD17D2BC3DD7D00B094C8 /* HomeTableViewCell.swift */,
				C9EFD17E2BC3DD7D00B094C8 /* HomeTableViewCell.xib */,
			);
			path = Cell;
			sourceTree = "<group>";
		};
		C9EFD1832BC3E32A00B094C8 /* Home */ = {
			isa = PBXGroup;
			children = (
				C9EFD1652BC3D94200B094C8 /* HomeViewController.swift */,
				C9EFD17A2BC3DD3500B094C8 /* Cell */,
			);
			path = Home;
			sourceTree = "<group>";
		};
		C9EFD1842BC3E69400B094C8 /* FoodDetail */ = {
			isa = PBXGroup;
			children = (
				C9EFD1852BC3E6BA00B094C8 /* FoodDetailViewController.swift */,
			);
			path = FoodDetail;
			sourceTree = "<group>";
		};
/* End PBXGroup section */

/* Begin PBXNativeTarget section */
		C9EFD15D2BC3D94200B094C8 /* ContainerView */ = {
			isa = PBXNativeTarget;
			buildConfigurationList = C9EFD1722BC3D94300B094C8 /* Build configuration list for PBXNativeTarget "ContainerView" */;
			buildPhases = (
				C9EFD15A2BC3D94200B094C8 /* Sources */,
				C9EFD15B2BC3D94200B094C8 /* Frameworks */,
				C9EFD15C2BC3D94200B094C8 /* Resources */,
			);
			buildRules = (
			);
			dependencies = (
			);
			name = ContainerView;
			productName = ContainerView;
			productReference = C9EFD15E2BC3D94200B094C8 /* ContainerView.app */;
			productType = "com.apple.product-type.application";
		};
/* End PBXNativeTarget section */

/* Begin PBXProject section */
		C9EFD1562BC3D94200B094C8 /* Project object */ = {
			isa = PBXProject;
			attributes = {
				BuildIndependentTargetsInParallel = 1;
				LastSwiftUpdateCheck = 1530;
				LastUpgradeCheck = 1530;
				TargetAttributes = {
					C9EFD15D2BC3D94200B094C8 = {
						CreatedOnToolsVersion = 15.3;
					};
				};
			};
			buildConfigurationList = C9EFD1592BC3D94200B094C8 /* Build configuration list for PBXProject "ContainerView" */;
			compatibilityVersion = "Xcode 14.0";
			developmentRegion = en;
			hasScannedForEncodings = 0;
			knownRegions = (
				en,
				Base,
			);
			mainGroup = C9EFD1552BC3D94200B094C8;
			productRefGroup = C9EFD15F2BC3D94200B094C8 /* Products */;
			projectDirPath = "";
			projectRoot = "";
			targets = (
				C9EFD15D2BC3D94200B094C8 /* ContainerView */,
			);
		};
/* End PBXProject section */

/* Begin PBXResourcesBuildPhase section */
		C9EFD15C2BC3D94200B094C8 /* Resources */ = {
			isa = PBXResourcesBuildPhase;
			buildActionMask = 2147483647;
			files = (
				C9EFD16B2BC3D94300B094C8 /* Assets.xcassets in Resources */,
				C9EFD16E2BC3D94300B094C8 /* Base in Resources */,
				C9EFD1802BC3DD7D00B094C8 /* HomeTableViewCell.xib in Resources */,
				C9EFD1692BC3D94200B094C8 /* Base in Resources */,
			);
			runOnlyForDeploymentPostprocessing = 0;
		};
/* End PBXResourcesBuildPhase section */

/* Begin PBXSourcesBuildPhase section */
		C9EFD15A2BC3D94200B094C8 /* Sources */ = {
			isa = PBXSourcesBuildPhase;
			buildActionMask = 2147483647;
			files = (
				C9EFD17F2BC3DD7D00B094C8 /* HomeTableViewCell.swift in Sources */,
				C9EFD1662BC3D94200B094C8 /* HomeViewController.swift in Sources */,
				C9EFD1822BC3DFBC00B094C8 /* FoodModel.swift in Sources */,
				C9EFD1872BC3E6BA00B094C8 /* FoodDetailViewController.swift in Sources */,
				C9EFD1622BC3D94200B094C8 /* AppDelegate.swift in Sources */,
				C9EFD1642BC3D94200B094C8 /* SceneDelegate.swift in Sources */,
			);
			runOnlyForDeploymentPostprocessing = 0;
		};
/* End PBXSourcesBuildPhase section */

/* Begin PBXVariantGroup section */
		C9EFD1672BC3D94200B094C8 /* Main.storyboard */ = {
			isa = PBXVariantGroup;
			children = (
				C9EFD1682BC3D94200B094C8 /* Base */,
			);
			name = Main.storyboard;
			sourceTree = "<group>";
		};
		C9EFD16C2BC3D94300B094C8 /* LaunchScreen.storyboard */ = {
			isa = PBXVariantGroup;
			children = (
				C9EFD16D2BC3D94300B094C8 /* Base */,
			);
			name = LaunchScreen.storyboard;
			sourceTree = "<group>";
		};
/* End PBXVariantGroup section */

/* Begin XCBuildConfiguration section */
		C9EFD1702BC3D94300B094C8 /* Debug */ = {
			isa = XCBuildConfiguration;
			buildSettings = {
				ALWAYS_SEARCH_USER_PATHS = NO;
				ASSETCATALOG_COMPILER_GENERATE_SWIFT_ASSET_SYMBOL_EXTENSIONS = YES;
				CLANG_ANALYZER_NONNULL = YES;
				CLANG_ANALYZER_NUMBER_OBJECT_CONVERSION = YES_AGGRESSIVE;
				CLANG_CXX_LANGUAGE_STANDARD = "gnu++20";
				CLANG_ENABLE_MODULES = YES;
				CLANG_ENABLE_OBJC_ARC = YES;
				CLANG_ENABLE_OBJC_WEAK = YES;
				CLANG_WARN_BLOCK_CAPTURE_AUTORELEASING = YES;
				CLANG_WARN_BOOL_CONVERSION = YES;
				CLANG_WARN_COMMA = YES;
				CLANG_WARN_CONSTANT_CONVERSION = YES;
				CLANG_WARN_DEPRECATED_OBJC_IMPLEMENTATIONS = YES;
				CLANG_WARN_DIRECT_OBJC_ISA_USAGE = YES_ERROR;
				CLANG_WARN_DOCUMENTATION_COMMENTS = YES;
				CLANG_WARN_EMPTY_BODY = YES;
				CLANG_WARN_ENUM_CONVERSION = YES;
				CLANG_WARN_INFINITE_RECURSION = YES;
				CLANG_WARN_INT_CONVERSION = YES;
				CLANG_WARN_NON_LITERAL_NULL_CONVERSION = YES;
				CLANG_WARN_OBJC_IMPLICIT_RETAIN_SELF = YES;
				CLANG_WARN_OBJC_LITERAL_CONVERSION = YES;
				CLANG_WARN_OBJC_ROOT_CLASS = YES_ERROR;
				CLANG_WARN_QUOTED_INCLUDE_IN_FRAMEWORK_HEADER = YES;
				CLANG_WARN_RANGE_LOOP_ANALYSIS = YES;
				CLANG_WARN_STRICT_PROTOTYPES = YES;
				CLANG_WARN_SUSPICIOUS_MOVE = YES;
				CLANG_WARN_UNGUARDED_AVAILABILITY = YES_AGGRESSIVE;
				CLANG_WARN_UNREACHABLE_CODE = YES;
				CLANG_WARN__DUPLICATE_METHOD_MATCH = YES;
				COPY_PHASE_STRIP = NO;
				DEBUG_INFORMATION_FORMAT = dwarf;
				ENABLE_STRICT_OBJC_MSGSEND = YES;
				ENABLE_TESTABILITY = YES;
				ENABLE_USER_SCRIPT_SANDBOXING = YES;
				GCC_C_LANGUAGE_STANDARD = gnu17;
				GCC_DYNAMIC_NO_PIC = NO;
				GCC_NO_COMMON_BLOCKS = YES;
				GCC_OPTIMIZATION_LEVEL = 0;
				GCC_PREPROCESSOR_DEFINITIONS = (
					"DEBUG=1",
					"$(inherited)",
				);
				GCC_WARN_64_TO_32_BIT_CONVERSION = YES;
				GCC_WARN_ABOUT_RETURN_TYPE = YES_ERROR;
				GCC_WARN_UNDECLARED_SELECTOR = YES;
				GCC_WARN_UNINITIALIZED_AUTOS = YES_AGGRESSIVE;
				GCC_WARN_UNUSED_FUNCTION = YES;
				GCC_WARN_UNUSED_VARIABLE = YES;
				IPHONEOS_DEPLOYMENT_TARGET = 17.4;
				LOCALIZATION_PREFERS_STRING_CATALOGS = YES;
				MTL_ENABLE_DEBUG_INFO = INCLUDE_SOURCE;
				MTL_FAST_MATH = YES;
				ONLY_ACTIVE_ARCH = YES;
				SDKROOT = iphoneos;
				SWIFT_ACTIVE_COMPILATION_CONDITIONS = "DEBUG $(inherited)";
				SWIFT_OPTIMIZATION_LEVEL = "-Onone";
			};
			name = Debug;
		};
		C9EFD1712BC3D94300B094C8 /* Release */ = {
			isa = XCBuildConfiguration;
			buildSettings = {
				ALWAYS_SEARCH_USER_PATHS = NO;
				ASSETCATALOG_COMPILER_GENERATE_SWIFT_ASSET_SYMBOL_EXTENSIONS = YES;
				CLANG_ANALYZER_NONNULL = YES;
				CLANG_ANALYZER_NUMBER_OBJECT_CONVERSION = YES_AGGRESSIVE;
				CLANG_CXX_LANGUAGE_STANDARD = "gnu++20";
				CLANG_ENABLE_MODULES = YES;
				CLANG_ENABLE_OBJC_ARC = YES;
				CLANG_ENABLE_OBJC_WEAK = YES;
				CLANG_WARN_BLOCK_CAPTURE_AUTORELEASING = YES;
				CLANG_WARN_BOOL_CONVERSION = YES;
				CLANG_WARN_COMMA = YES;
				CLANG_WARN_CONSTANT_CONVERSION = YES;
				CLANG_WARN_DEPRECATED_OBJC_IMPLEMENTATIONS = YES;
				CLANG_WARN_DIRECT_OBJC_ISA_USAGE = YES_ERROR;
				CLANG_WARN_DOCUMENTATION_COMMENTS = YES;
				CLANG_WARN_EMPTY_BODY = YES;
				CLANG_WARN_ENUM_CONVERSION = YES;
				CLANG_WARN_INFINITE_RECURSION = YES;
				CLANG_WARN_INT_CONVERSION = YES;
				CLANG_WARN_NON_LITERAL_NULL_CONVERSION = YES;
				CLANG_WARN_OBJC_IMPLICIT_RETAIN_SELF = YES;
				CLANG_WARN_OBJC_LITERAL_CONVERSION = YES;
				CLANG_WARN_OBJC_ROOT_CLASS = YES_ERROR;
				CLANG_WARN_QUOTED_INCLUDE_IN_FRAMEWORK_HEADER = YES;
				CLANG_WARN_RANGE_LOOP_ANALYSIS = YES;
				CLANG_WARN_STRICT_PROTOTYPES = YES;
				CLANG_WARN_SUSPICIOUS_MOVE = YES;
				CLANG_WARN_UNGUARDED_AVAILABILITY = YES_AGGRESSIVE;
				CLANG_WARN_UNREACHABLE_CODE = YES;
				CLANG_WARN__DUPLICATE_METHOD_MATCH = YES;
				COPY_PHASE_STRIP = NO;
				DEBUG_INFORMATION_FORMAT = "dwarf-with-dsym";
				ENABLE_NS_ASSERTIONS = NO;
				ENABLE_STRICT_OBJC_MSGSEND = YES;
				ENABLE_USER_SCRIPT_SANDBOXING = YES;
				GCC_C_LANGUAGE_STANDARD = gnu17;
				GCC_NO_COMMON_BLOCKS = YES;
				GCC_WARN_64_TO_32_BIT_CONVERSION = YES;
				GCC_WARN_ABOUT_RETURN_TYPE = YES_ERROR;
				GCC_WARN_UNDECLARED_SELECTOR = YES;
				GCC_WARN_UNINITIALIZED_AUTOS = YES_AGGRESSIVE;
				GCC_WARN_UNUSED_FUNCTION = YES;
				GCC_WARN_UNUSED_VARIABLE = YES;
				IPHONEOS_DEPLOYMENT_TARGET = 17.4;
				LOCALIZATION_PREFERS_STRING_CATALOGS = YES;
				MTL_ENABLE_DEBUG_INFO = NO;
				MTL_FAST_MATH = YES;
				SDKROOT = iphoneos;
				SWIFT_COMPILATION_MODE = wholemodule;
				VALIDATE_PRODUCT = YES;
			};
			name = Release;
		};
		C9EFD1732BC3D94300B094C8 /* Debug */ = {
			isa = XCBuildConfiguration;
			buildSettings = {
				ASSETCATALOG_COMPILER_APPICON_NAME = AppIcon;
				ASSETCATALOG_COMPILER_GLOBAL_ACCENT_COLOR_NAME = AccentColor;
				CODE_SIGN_STYLE = Automatic;
				CURRENT_PROJECT_VERSION = 1;
				GENERATE_INFOPLIST_FILE = YES;
				INFOPLIST_FILE = ContainerView/Info.plist;
				INFOPLIST_KEY_UIApplicationSupportsIndirectInputEvents = YES;
				INFOPLIST_KEY_UILaunchStoryboardName = LaunchScreen;
				INFOPLIST_KEY_UIMainStoryboardFile = Main;
				INFOPLIST_KEY_UISupportedInterfaceOrientations_iPad = "UIInterfaceOrientationPortrait UIInterfaceOrientationPortraitUpsideDown UIInterfaceOrientationLandscapeLeft UIInterfaceOrientationLandscapeRight";
				INFOPLIST_KEY_UISupportedInterfaceOrientations_iPhone = "UIInterfaceOrientationPortrait UIInterfaceOrientationLandscapeLeft UIInterfaceOrientationLandscapeRight";
				LD_RUNPATH_SEARCH_PATHS = (
					"$(inherited)",
					"@executable_path/Frameworks",
				);
				MARKETING_VERSION = 1.0;
				PRODUCT_BUNDLE_IDENTIFIER = "dev-duynv.ContainerView";
				PRODUCT_NAME = "$(TARGET_NAME)";
				SWIFT_EMIT_LOC_STRINGS = YES;
				SWIFT_VERSION = 5.0;
				TARGETED_DEVICE_FAMILY = "1,2";
			};
			name = Debug;
		};
		C9EFD1742BC3D94300B094C8 /* Release */ = {
			isa = XCBuildConfiguration;
			buildSettings = {
				ASSETCATALOG_COMPILER_APPICON_NAME = AppIcon;
				ASSETCATALOG_COMPILER_GLOBAL_ACCENT_COLOR_NAME = AccentColor;
				CODE_SIGN_STYLE = Automatic;
				CURRENT_PROJECT_VERSION = 1;
				GENERATE_INFOPLIST_FILE = YES;
				INFOPLIST_FILE = ContainerView/Info.plist;
				INFOPLIST_KEY_UIApplicationSupportsIndirectInputEvents = YES;
				INFOPLIST_KEY_UILaunchStoryboardName = LaunchScreen;
				INFOPLIST_KEY_UIMainStoryboardFile = Main;
				INFOPLIST_KEY_UISupportedInterfaceOrientations_iPad = "UIInterfaceOrientationPortrait UIInterfaceOrientationPortraitUpsideDown UIInterfaceOrientationLandscapeLeft UIInterfaceOrientationLandscapeRight";
				INFOPLIST_KEY_UISupportedInterfaceOrientations_iPhone = "UIInterfaceOrientationPortrait UIInterfaceOrientationLandscapeLeft UIInterfaceOrientationLandscapeRight";
				LD_RUNPATH_SEARCH_PATHS = (
					"$(inherited)",
					"@executable_path/Frameworks",
				);
				MARKETING_VERSION = 1.0;
				PRODUCT_BUNDLE_IDENTIFIER = "dev-duynv.ContainerView";
				PRODUCT_NAME = "$(TARGET_NAME)";
				SWIFT_EMIT_LOC_STRINGS = YES;
				SWIFT_VERSION = 5.0;
				TARGETED_DEVICE_FAMILY = "1,2";
			};
			name = Release;
		};
/* End XCBuildConfiguration section */

/* Begin XCConfigurationList section */
		C9EFD1592BC3D94200B094C8 /* Build configuration list for PBXProject "ContainerView" */ = {
			isa = XCConfigurationList;
			buildConfigurations = (
				C9EFD1702BC3D94300B094C8 /* Debug */,
				C9EFD1712BC3D94300B094C8 /* Release */,
			);
			defaultConfigurationIsVisible = 0;
			defaultConfigurationName = Release;
		};
		C9EFD1722BC3D94300B094C8 /* Build configuration list for PBXNativeTarget "ContainerView" */ = {
			isa = XCConfigurationList;
			buildConfigurations = (
				C9EFD1732BC3D94300B094C8 /* Debug */,
				C9EFD1742BC3D94300B094C8 /* Release */,
			);
			defaultConfigurationIsVisible = 0;
			defaultConfigurationName = Release;
		};
/* End XCConfigurationList section */
	};
	rootObject = C9EFD1562BC3D94200B094C8 /* Project object */;
}
